
Microsoft Visual Studio Solution File, Format Version 12.00
# Visual Studio Version 17
VisualStudioVersion = 17.6.33723.286
MinimumVisualStudioVersion = 10.0.40219.1
Project("{FAE04EC0-301F-11D3-BF4B-00C04F79EFBC}") = "TodoApi", "TodoApi\TodoApi.csproj", "{0D358F03-CB30-409B-9268-CD2407CFF4D5}"
EndProject
Global
	GlobalSection(SolutionConfigurationPlatforms) = preSolution
		Debug|Any CPU = Debug|Any CPU
		Release|Any CPU = Release|Any CPU
	EndGlobalSection
	GlobalSection(ProjectConfigurationPlatforms) = postSolution
		{0D358F03-CB30-409B-9268-CD2407CFF4D5}.Debug|Any CPU.ActiveCfg = Debug|Any CPU
		{0D358F03-CB30-409B-9268-CD2407CFF4D5}.Debug|Any CPU.Build.0 = Debug|Any CPU
		{0D358F03-CB30-409B-9268-CD2407CFF4D5}.Release|Any CPU.ActiveCfg = Release|Any CPU
		{0D358F03-CB30-409B-9268-CD2407CFF4D5}.Release|Any CPU.Build.0 = Release|Any CPU
	EndGlobalSection
	GlobalSection(SolutionProperties) = preSolution
		HideSolutionNode = FALSE
	EndGlobalSection
	GlobalSection(ExtensibilityGlobals) = postSolution
		SolutionGuid = {239F40C4-9AC4-4E95-A08B-DEFA8650B655}
	EndGlobalSection
EndGlobal
